// !$*UTF8*$!
{
	archiveVersion = 1;
	classes = {
	};
	objectVersion = 50;
	objects = {

/* Begin PBXBuildFile section */
		DC1082B422088A6C001383B5 /* AppDelegate.swift in Sources */ = {isa = PBXBuildFile; fileRef = DC1082B322088A6C001383B5 /* AppDelegate.swift */; };
		DC1082B622088A6C001383B5 /* ViewController.swift in Sources */ = {isa = PBXBuildFile; fileRef = DC1082B522088A6C001383B5 /* ViewController.swift */; };
		DC1082B922088A6C001383B5 /* Main.storyboard in Resources */ = {isa = PBXBuildFile; fileRef = DC1082B722088A6C001383B5 /* Main.storyboard */; };
		DC1082BC22088A6C001383B5 /* Back_to_Bach.xcdatamodeld in Sources */ = {isa = PBXBuildFile; fileRef = DC1082BA22088A6C001383B5 /* Back_to_Bach.xcdatamodeld */; };
		DC1082BE22088A71001383B5 /* Assets.xcassets in Resources */ = {isa = PBXBuildFile; fileRef = DC1082BD22088A71001383B5 /* Assets.xcassets */; };
		DC1082C122088A71001383B5 /* LaunchScreen.storyboard in Resources */ = {isa = PBXBuildFile; fileRef = DC1082BF22088A71001383B5 /* LaunchScreen.storyboard */; };
		DC1082C92209860C001383B5 /* unnamed.jpg in Resources */ = {isa = PBXBuildFile; fileRef = DC1082C82209860C001383B5 /* unnamed.jpg */; };
		DC1082CB2209862D001383B5 /* sheep.mp3 in Resources */ = {isa = PBXBuildFile; fileRef = DC1082CA2209862D001383B5 /* sheep.mp3 */; };
/* End PBXBuildFile section */

/* Begin PBXFileReference section */
		DC1082B022088A6C001383B5 /* Back to Bach.app */ = {isa = PBXFileReference; explicitFileType = wrapper.application; includeInIndex = 0; path = "Back to Bach.app"; sourceTree = BUILT_PRODUCTS_DIR; };
		DC1082B322088A6C001383B5 /* AppDelegate.swift */ = {isa = PBXFileReference; lastKnownFileType = sourcecode.swift; path = AppDelegate.swift; sourceTree = "<group>"; };
		DC1082B522088A6C001383B5 /* ViewController.swift */ = {isa = PBXFileReference; lastKnownFileType = sourcecode.swift; path = ViewController.swift; sourceTree = "<group>"; };
		DC1082B822088A6C001383B5 /* Base */ = {isa = PBXFileReference; lastKnownFileType = file.storyboard; name = Base; path = Base.lproj/Main.storyboard; sourceTree = "<group>"; };
		DC1082BB22088A6C001383B5 /* Back_to_Bach.xcdatamodel */ = {isa = PBXFileReference; lastKnownFileType = wrapper.xcdatamodel; path = Back_to_Bach.xcdatamodel; sourceTree = "<group>"; };
		DC1082BD22088A71001383B5 /* Assets.xcassets */ = {isa = PBXFileReference; lastKnownFileType = folder.assetcatalog; path = Assets.xcassets; sourceTree = "<group>"; };
		DC1082C022088A71001383B5 /* Base */ = {isa = PBXFileReference; lastKnownFileType = file.storyboard; name = Base; path = Base.lproj/LaunchScreen.storyboard; sourceTree = "<group>"; };
		DC1082C222088A71001383B5 /* Info.plist */ = {isa = PBXFileReference; lastKnownFileType = text.plist.xml; path = Info.plist; sourceTree = "<group>"; };
		DC1082C82209860C001383B5 /* unnamed.jpg */ = {isa = PBXFileReference; lastKnownFileType = image.jpeg; path = unnamed.jpg; sourceTree = "<group>"; };
		DC1082CA2209862D001383B5 /* sheep.mp3 */ = {isa = PBXFileReference; lastKnownFileType = audio.mp3; path = sheep.mp3; sourceTree = "<group>"; };
/* End PBXFileReference section */

/* Begin PBXFrameworksBuildPhase section */
		DC1082AD22088A6C001383B5 /* Frameworks */ = {
			isa = PBXFrameworksBuildPhase;
			buildActionMask = 2147483647;
			files = (
			);
			runOnlyForDeploymentPostprocessing = 0;
		};
/* End PBXFrameworksBuildPhase section */

/* Begin PBXGroup section */
		DC1082A722088A6C001383B5 = {
			isa = PBXGroup;
			children = (
				DC1082B222088A6C001383B5 /* Back to Bach */,
				DC1082B122088A6C001383B5 /* Products */,
			);
			sourceTree = "<group>";
		};
		DC1082B122088A6C001383B5 /* Products */ = {
			isa = PBXGroup;
			children = (
				DC1082B022088A6C001383B5 /* Back to Bach.app */,
			);
			name = Products;
			sourceTree = "<group>";
		};
		DC1082B222088A6C001383B5 /* Back to Bach */ = {
			isa = PBXGroup;
			children = (
				DC1082B322088A6C001383B5 /* AppDelegate.swift */,
				DC1082B522088A6C001383B5 /* ViewController.swift */,
				DC1082B722088A6C001383B5 /* Main.storyboard */,
				DC1082CA2209862D001383B5 /* sheep.mp3 */,
				DC1082C82209860C001383B5 /* unnamed.jpg */,
				DC1082BD22088A71001383B5 /* Assets.xcassets */,
				DC1082BF22088A71001383B5 /* LaunchScreen.storyboard */,
				DC1082C222088A71001383B5 /* Info.plist */,
				DC1082BA22088A6C001383B5 /* Back_to_Bach.xcdatamodeld */,
			);
			path = "Back to Bach";
			sourceTree = "<group>";
		};
/* End PBXGroup section */

/* Begin PBXNativeTarget section */
		DC1082AF22088A6C001383B5 /* Back to Bach */ = {
			isa = PBXNativeTarget;
			buildConfigurationList = DC1082C522088A71001383B5 /* Build configuration list for PBXNativeTarget "Back to Bach" */;
			buildPhases = (
				DC1082AC22088A6C001383B5 /* Sources */,
				DC1082AD22088A6C001383B5 /* Frameworks */,
				DC1082AE22088A6C001383B5 /* Resources */,
			);
			buildRules = (
			);
			dependencies = (
			);
			name = "Back to Bach";
			productName = "Back to Bach";
			productReference = DC1082B022088A6C001383B5 /* Back to Bach.app */;
			productType = "com.apple.product-type.application";
		};
/* End PBXNativeTarget section */

/* Begin PBXProject section */
		DC1082A822088A6C001383B5 /* Project object */ = {
			isa = PBXProject;
			attributes = {
				LastSwiftUpdateCheck = 1010;
				LastUpgradeCheck = 1010;
				ORGANIZATIONNAME = "Back to Bach";
				TargetAttributes = {
					DC1082AF22088A6C001383B5 = {
						CreatedOnToolsVersion = 10.1;
					};
				};
			};
			buildConfigurationList = DC1082AB22088A6C001383B5 /* Build configuration list for PBXProject "Back to Bach" */;
			compatibilityVersion = "Xcode 9.3";
			developmentRegion = en;
			hasScannedForEncodings = 0;
			knownRegions = (
				en,
				Base,
			);
			mainGroup = DC1082A722088A6C001383B5;
			productRefGroup = DC1082B122088A6C001383B5 /* Products */;
			projectDirPath = "";
			projectRoot = "";
			targets = (
				DC1082AF22088A6C001383B5 /* Back to Bach */,
			);
		};
/* End PBXProject section */

/* Begin PBXResourcesBuildPhase section */
		DC1082AE22088A6C001383B5 /* Resources */ = {
			isa = PBXResourcesBuildPhase;
			buildActionMask = 2147483647;
			files = (
				DC1082CB2209862D001383B5 /* sheep.mp3 in Resources */,
				DC1082C122088A71001383B5 /* LaunchScreen.storyboard in Resources */,
				DC1082BE22088A71001383B5 /* Assets.xcassets in Resources */,
				DC1082C92209860C001383B5 /* unnamed.jpg in Resources */,
				DC1082B922088A6C001383B5 /* Main.storyboard in Resources */,
			);
			runOnlyForDeploymentPostprocessing = 0;
		};
/* End PBXResourcesBuildPhase section */

/* Begin PBXSourcesBuildPhase section */
		DC1082AC22088A6C001383B5 /* Sources */ = {
			isa = PBXSourcesBuildPhase;
			buildActionMask = 2147483647;
			files = (
				DC1082B622088A6C001383B5 /* ViewController.swift in Sources */,
				DC1082B422088A6C001383B5 /* AppDelegate.swift in Sources */,
				DC1082BC22088A6C001383B5 /* Back_to_Bach.xcdatamodeld in Sources */,
			);
			runOnlyForDeploymentPostprocessing = 0;
		};
/* End PBXSourcesBuildPhase section */

/* Begin PBXVariantGroup section */
		DC1082B722088A6C001383B5 /* Main.storyboard */ = {
			isa = PBXVariantGroup;
			children = (
				DC1082B822088A6C001383B5 /* Base */,
			);
			name = Main.storyboard;
			sourceTree = "<group>";
		};
		DC1082BF22088A71001383B5 /* LaunchScreen.storyboard */ = {
			isa = PBXVariantGroup;
			children = (
				DC1082C022088A71001383B5 /* Base */,
			);
			name = LaunchScreen.storyboard;
			sourceTree = "<group>";
		};
/* End PBXVariantGroup section */

/* Begin XCBuildConfiguration section */
		DC1082C322088A71001383B5 /* Debug */ = {
			isa = XCBuildConfiguration;
			buildSettings = {
				ALWAYS_SEARCH_USER_PATHS = NO;
				CLANG_ANALYZER_NONNULL = YES;
				CLANG_ANALYZER_NUMBER_OBJECT_CONVERSION = YES_AGGRESSIVE;
				CLANG_CXX_LANGUAGE_STANDARD = "gnu++14";
				CLANG_CXX_LIBRARY = "libc++";
				CLANG_ENABLE_MODULES = YES;
				CLANG_ENABLE_OBJC_ARC = YES;
				CLANG_ENABLE_OBJC_WEAK = YES;
				CLANG_WARN_BLOCK_CAPTURE_AUTORELEASING = YES;
				CLANG_WARN_BOOL_CONVERSION = YES;
				CLANG_WARN_COMMA = YES;
				CLANG_WARN_CONSTANT_CONVERSION = YES;
				CLANG_WARN_DEPRECATED_OBJC_IMPLEMENTATIONS = YES;
				CLANG_WARN_DIRECT_OBJC_ISA_USAGE = YES_ERROR;
				CLANG_WARN_DOCUMENTATION_COMMENTS = YES;
				CLANG_WARN_EMPTY_BODY = YES;
				CLANG_WARN_ENUM_CONVERSION = YES;
				CLANG_WARN_INFINITE_RECURSION = YES;
				CLANG_WARN_INT_CONVERSION = YES;
				CLANG_WARN_NON_LITERAL_NULL_CONVERSION = YES;
				CLANG_WARN_OBJC_IMPLICIT_RETAIN_SELF = YES;
				CLANG_WARN_OBJC_LITERAL_CONVERSION = YES;
				CLANG_WARN_OBJC_ROOT_CLASS = YES_ERROR;
				CLANG_WARN_RANGE_LOOP_ANALYSIS = YES;
				CLANG_WARN_STRICT_PROTOTYPES = YES;
				CLANG_WARN_SUSPICIOUS_MOVE = YES;
				CLANG_WARN_UNGUARDED_AVAILABILITY = YES_AGGRESSIVE;
				CLANG_WARN_UNREACHABLE_CODE = YES;
				CLANG_WARN__DUPLICATE_METHOD_MATCH = YES;
				CODE_SIGN_IDENTITY = "iPhone Developer";
				COPY_PHASE_STRIP = NO;
				DEBUG_INFORMATION_FORMAT = dwarf;
				ENABLE_STRICT_OBJC_MSGSEND = YES;
				ENABLE_TESTABILITY = YES;
				GCC_C_LANGUAGE_STANDARD = gnu11;
				GCC_DYNAMIC_NO_PIC = NO;
				GCC_NO_COMMON_BLOCKS = YES;
				GCC_OPTIMIZATION_LEVEL = 0;
				GCC_PREPROCESSOR_DEFINITIONS = (
					"DEBUG=1",
					"$(inherited)",
				);
				GCC_WARN_64_TO_32_BIT_CONVERSION = YES;
				GCC_WARN_ABOUT_RETURN_TYPE = YES_ERROR;
				GCC_WARN_UNDECLARED_SELECTOR = YES;
				GCC_WARN_UNINITIALIZED_AUTOS = YES_AGGRESSIVE;
				GCC_WARN_UNUSED_FUNCTION = YES;
				GCC_WARN_UNUSED_VARIABLE = YES;
				IPHONEOS_DEPLOYMENT_TARGET = 12.1;
				MTL_ENABLE_DEBUG_INFO = INCLUDE_SOURCE;
				MTL_FAST_MATH = YES;
				ONLY_ACTIVE_ARCH = YES;
				SDKROOT = iphoneos;
				SWIFT_ACTIVE_COMPILATION_CONDITIONS = DEBUG;
				SWIFT_OPTIMIZATION_LEVEL = "-Onone";
			};
			name = Debug;
		};
		DC1082C422088A71001383B5 /* Release */ = {
			isa = XCBuildConfiguration;
			buildSettings = {
				ALWAYS_SEARCH_USER_PATHS = NO;
				CLANG_ANALYZER_NONNULL = YES;
				CLANG_ANALYZER_NUMBER_OBJECT_CONVERSION = YES_AGGRESSIVE;
				CLANG_CXX_LANGUAGE_STANDARD = "gnu++14";
				CLANG_CXX_LIBRARY = "libc++";
				CLANG_ENABLE_MODULES = YES;
				CLANG_ENABLE_OBJC_ARC = YES;
				CLANG_ENABLE_OBJC_WEAK = YES;
				CLANG_WARN_BLOCK_CAPTURE_AUTORELEASING = YES;
				CLANG_WARN_BOOL_CONVERSION = YES;
				CLANG_WARN_COMMA = YES;
				CLANG_WARN_CONSTANT_CONVERSION = YES;
				CLANG_WARN_DEPRECATED_OBJC_IMPLEMENTATIONS = YES;
				CLANG_WARN_DIRECT_OBJC_ISA_USAGE = YES_ERROR;
				CLANG_WARN_DOCUMENTATION_COMMENTS = YES;
				CLANG_WARN_EMPTY_BODY = YES;
				CLANG_WARN_ENUM_CONVERSION = YES;
				CLANG_WARN_INFINITE_RECURSION = YES;
				CLANG_WARN_INT_CONVERSION = YES;
				CLANG_WARN_NON_LITERAL_NULL_CONVERSION = YES;
				CLANG_WARN_OBJC_IMPLICIT_RETAIN_SELF = YES;
				CLANG_WARN_OBJC_LITERAL_CONVERSION = YES;
				CLANG_WARN_OBJC_ROOT_CLASS = YES_ERROR;
				CLANG_WARN_RANGE_LOOP_ANALYSIS = YES;
				CLANG_WARN_STRICT_PROTOTYPES = YES;
				CLANG_WARN_SUSPICIOUS_MOVE = YES;
				CLANG_WARN_UNGUARDED_AVAILABILITY = YES_AGGRESSIVE;
				CLANG_WARN_UNREACHABLE_CODE = YES;
				CLANG_WARN__DUPLICATE_METHOD_MATCH = YES;
				CODE_SIGN_IDENTITY = "iPhone Developer";
				COPY_PHASE_STRIP = NO;
				DEBUG_INFORMATION_FORMAT = "dwarf-with-dsym";
				ENABLE_NS_ASSERTIONS = NO;
				ENABLE_STRICT_OBJC_MSGSEND = YES;
				GCC_C_LANGUAGE_STANDARD = gnu11;
				GCC_NO_COMMON_BLOCKS = YES;
				GCC_WARN_64_TO_32_BIT_CONVERSION = YES;
				GCC_WARN_ABOUT_RETURN_TYPE = YES_ERROR;
				GCC_WARN_UNDECLARED_SELECTOR = YES;
				GCC_WARN_UNINITIALIZED_AUTOS = YES_AGGRESSIVE;
				GCC_WARN_UNUSED_FUNCTION = YES;
				GCC_WARN_UNUSED_VARIABLE = YES;
				IPHONEOS_DEPLOYMENT_TARGET = 12.1;
				MTL_ENABLE_DEBUG_INFO = NO;
				MTL_FAST_MATH = YES;
				SDKROOT = iphoneos;
				SWIFT_COMPILATION_MODE = wholemodule;
				SWIFT_OPTIMIZATION_LEVEL = "-O";
				VALIDATE_PRODUCT = YES;
			};
			name = Release;
		};
		DC1082C622088A71001383B5 /* Debug */ = {
			isa = XCBuildConfiguration;
			buildSettings = {
				ASSETCATALOG_COMPILER_APPICON_NAME = AppIcon;
				CODE_SIGN_STYLE = Automatic;
				INFOPLIST_FILE = "Back to Bach/Info.plist";
				LD_RUNPATH_SEARCH_PATHS = (
					"$(inherited)",
					"@executable_path/Frameworks",
				);
				PRODUCT_BUNDLE_IDENTIFIER = "Back-to-Bach.Back-to-Bach";
				PRODUCT_NAME = "$(TARGET_NAME)";
				SWIFT_VERSION = 4.2;
				TARGETED_DEVICE_FAMILY = "1,2";
			};
			name = Debug;
		};
		DC1082C722088A71001383B5 /* Release */ = {
			isa = XCBuildConfiguration;
			buildSettings = {
				ASSETCATALOG_COMPILER_APPICON_NAME = AppIcon;
				CODE_SIGN_STYLE = Automatic;
				INFOPLIST_FILE = "Back to Bach/Info.plist";
				LD_RUNPATH_SEARCH_PATHS = (
					"$(inherited)",
					"@executable_path/Frameworks",
				);
				PRODUCT_BUNDLE_IDENTIFIER = "Back-to-Bach.Back-to-Bach";
				PRODUCT_NAME = "$(TARGET_NAME)";
				SWIFT_VERSION = 4.2;
				TARGETED_DEVICE_FAMILY = "1,2";
			};
			name = Release;
		};
/* End XCBuildConfiguration section */

/* Begin XCConfigurationList section */
		DC1082AB22088A6C001383B5 /* Build configuration list for PBXProject "Back to Bach" */ = {
			isa = XCConfigurationList;
			buildConfigurations = (
				DC1082C322088A71001383B5 /* Debug */,
				DC1082C422088A71001383B5 /* Release */,
			);
			defaultConfigurationIsVisible = 0;
			defaultConfigurationName = Release;
		};
		DC1082C522088A71001383B5 /* Build configuration list for PBXNativeTarget "Back to Bach" */ = {
			isa = XCConfigurationList;
			buildConfigurations = (
				DC1082C622088A71001383B5 /* Debug */,
				DC1082C722088A71001383B5 /* Release */,
			);
			defaultConfigurationIsVisible = 0;
			defaultConfigurationName = Release;
		};
/* End XCConfigurationList section */

/* Begin XCVersionGroup section */
		DC1082BA22088A6C001383B5 /* Back_to_Bach.xcdatamodeld */ = {
			isa = XCVersionGroup;
			children = (
				DC1082BB22088A6C001383B5 /* Back_to_Bach.xcdatamodel */,
			);
			currentVersion = DC1082BB22088A6C001383B5 /* Back_to_Bach.xcdatamodel */;
			path = Back_to_Bach.xcdatamodeld;
			sourceTree = "<group>";
			versionGroupType = wrapper.xcdatamodel;
		};
/* End XCVersionGroup section */
	};
	rootObject = DC1082A822088A6C001383B5 /* Project object */;
}
